{
  "name": "@jinle-cli/core",
  "version": "0.1.2",
  "lockfileVersion": 2,
  "requires": true,
  "packages": {
    "": {
      "name": "@jinle-cli/core",
      "version": "0.1.2",
      "license": "ISC",
      "dependencies": {
        "@jinle-cli/utils": "file:../utils"
      },
      "bin": {
        "jinle-cli": "bin/index.js"
      }
    },
    "../utils": {
      "version": "0.1.2",
      "license": "ISC"
    },
    "node_modules/@jinle-cli/utils": {
      "resolved": "../utils",
      "link": true
    }
  },
  "dependencies": {
    "@jinle-cli/utils": {
      "version": "file:../utils"
    }
  }
}
